
Microsoft Visual Studio Solution File, Format Version 12.00
# Visual Studio Version 17
VisualStudioVersion = 17.0.31903.59
MinimumVisualStudioVersion = 10.0.40219.1
Project("{FAE04EC0-301F-11D3-BF4B-00C04F79EFBC}") = "FarmaciaTalentoTech.WebApi", "FarmaciaTalentoTech\FarmaciaTalentoTech.WebApi.csproj", "{1A05775F-A92C-4131-9819-2EF6573199D4}"
EndProject
Project("{FAE04EC0-301F-11D3-BF4B-00C04F79EFBC}") = "FarmaciaTalentoTech.Model", "FarmaciaTalentoTech.Model\FarmaciaTalentoTech.Model.csproj", "{DFE44288-F482-4074-9487-CF1636DF3AD9}"
EndProject
Project("{FAE04EC0-301F-11D3-BF4B-00C04F79EFBC}") = "FarmaciaTalentoTech.Repository", "FarmaciaTalentoTech.Repository\FarmaciaTalentoTech.Repository.csproj", "{8FB63F17-C591-4BBF-92DD-B7F6995A1929}"
EndProject
Project("{2150E333-8FDC-42A3-9474-1A3956D46DE8}") = "Ejemplo Linq", "Ejemplo Linq", "{809B5FED-9DBD-4EBA-9614-F03739AAF54A}"
EndProject
Project("{FAE04EC0-301F-11D3-BF4B-00C04F79EFBC}") = "LinqEjemplo", "LinqEjemplo\LinqEjemplo.csproj", "{B4DDDE94-094A-456F-BB38-D4B86DC9A06E}"
EndProject
Project("{FAE04EC0-301F-11D3-BF4B-00C04F79EFBC}") = "FarmaciaTalentoTech.RepositoryEF", "FarmaciaTalentoTech.RepositoryEF\FarmaciaTalentoTech.RepositoryEF.csproj", "{971C946A-C956-43A8-A96F-13CEC65DF231}"
EndProject
Global
	GlobalSection(SolutionConfigurationPlatforms) = preSolution
		Debug|Any CPU = Debug|Any CPU
		Release|Any CPU = Release|Any CPU
	EndGlobalSection
	GlobalSection(ProjectConfigurationPlatforms) = postSolution
		{1A05775F-A92C-4131-9819-2EF6573199D4}.Debug|Any CPU.ActiveCfg = Debug|Any CPU
		{1A05775F-A92C-4131-9819-2EF6573199D4}.Debug|Any CPU.Build.0 = Debug|Any CPU
		{1A05775F-A92C-4131-9819-2EF6573199D4}.Release|Any CPU.ActiveCfg = Release|Any CPU
		{1A05775F-A92C-4131-9819-2EF6573199D4}.Release|Any CPU.Build.0 = Release|Any CPU
		{DFE44288-F482-4074-9487-CF1636DF3AD9}.Debug|Any CPU.ActiveCfg = Debug|Any CPU
		{DFE44288-F482-4074-9487-CF1636DF3AD9}.Debug|Any CPU.Build.0 = Debug|Any CPU
		{DFE44288-F482-4074-9487-CF1636DF3AD9}.Release|Any CPU.ActiveCfg = Release|Any CPU
		{DFE44288-F482-4074-9487-CF1636DF3AD9}.Release|Any CPU.Build.0 = Release|Any CPU
		{8FB63F17-C591-4BBF-92DD-B7F6995A1929}.Debug|Any CPU.ActiveCfg = Debug|Any CPU
		{8FB63F17-C591-4BBF-92DD-B7F6995A1929}.Debug|Any CPU.Build.0 = Debug|Any CPU
		{8FB63F17-C591-4BBF-92DD-B7F6995A1929}.Release|Any CPU.ActiveCfg = Release|Any CPU
		{8FB63F17-C591-4BBF-92DD-B7F6995A1929}.Release|Any CPU.Build.0 = Release|Any CPU
		{B4DDDE94-094A-456F-BB38-D4B86DC9A06E}.Debug|Any CPU.ActiveCfg = Debug|Any CPU
		{B4DDDE94-094A-456F-BB38-D4B86DC9A06E}.Debug|Any CPU.Build.0 = Debug|Any CPU
		{B4DDDE94-094A-456F-BB38-D4B86DC9A06E}.Release|Any CPU.ActiveCfg = Release|Any CPU
		{B4DDDE94-094A-456F-BB38-D4B86DC9A06E}.Release|Any CPU.Build.0 = Release|Any CPU
		{971C946A-C956-43A8-A96F-13CEC65DF231}.Debug|Any CPU.ActiveCfg = Debug|Any CPU
		{971C946A-C956-43A8-A96F-13CEC65DF231}.Debug|Any CPU.Build.0 = Debug|Any CPU
		{971C946A-C956-43A8-A96F-13CEC65DF231}.Release|Any CPU.ActiveCfg = Release|Any CPU
		{971C946A-C956-43A8-A96F-13CEC65DF231}.Release|Any CPU.Build.0 = Release|Any CPU
	EndGlobalSection
	GlobalSection(SolutionProperties) = preSolution
		HideSolutionNode = FALSE
	EndGlobalSection
	GlobalSection(NestedProjects) = preSolution
		{B4DDDE94-094A-456F-BB38-D4B86DC9A06E} = {809B5FED-9DBD-4EBA-9614-F03739AAF54A}
	EndGlobalSection
EndGlobal
