
Microsoft Visual Studio Solution File, Format Version 12.00
# Visual Studio Version 17
VisualStudioVersion = 17.12.35527.113 d17.12
MinimumVisualStudioVersion = 10.0.40219.1
Project("{FAE04EC0-301F-11D3-BF4B-00C04F79EFBC}") = "EjemploDiagramaClases", "EjemploDiagramaClases\EjemploDiagramaClases.csproj", "{B558412A-9973-45DE-9CD2-5597FB69C442}"
EndProject
Global
	GlobalSection(SolutionConfigurationPlatforms) = preSolution
		Debug|Any CPU = Debug|Any CPU
		Release|Any CPU = Release|Any CPU
	EndGlobalSection
	GlobalSection(ProjectConfigurationPlatforms) = postSolution
		{B558412A-9973-45DE-9CD2-5597FB69C442}.Debug|Any CPU.ActiveCfg = Debug|Any CPU
		{B558412A-9973-45DE-9CD2-5597FB69C442}.Debug|Any CPU.Build.0 = Debug|Any CPU
		{B558412A-9973-45DE-9CD2-5597FB69C442}.Release|Any CPU.ActiveCfg = Release|Any CPU
		{B558412A-9973-45DE-9CD2-5597FB69C442}.Release|Any CPU.Build.0 = Release|Any CPU
	EndGlobalSection
	GlobalSection(SolutionProperties) = preSolution
		HideSolutionNode = FALSE
	EndGlobalSection
EndGlobal
