
Microsoft Visual Studio Solution File, Format Version 12.00
# Visual Studio Version 17
VisualStudioVersion = 17.12.35527.113
MinimumVisualStudioVersion = 10.0.40219.1
Project("{FAE04EC0-301F-11D3-BF4B-00C04F79EFBC}") = "ListaSimplementeEnlazada", "ListaSimplementeEnlazada\ListaSimplementeEnlazada.csproj", "{B94A9A9D-C2E2-48EA-B9BE-CCC00D3A6DC3}"
EndProject
Project("{FAE04EC0-301F-11D3-BF4B-00C04F79EFBC}") = "ListaDoblementeEnlazada", "ListaDoblementeEnlazada\ListaDoblementeEnlazada.csproj", "{10AA2C73-5178-4646-BE59-210B90E0FA85}"
EndProject
Global
	GlobalSection(SolutionConfigurationPlatforms) = preSolution
		Debug|Any CPU = Debug|Any CPU
		Release|Any CPU = Release|Any CPU
	EndGlobalSection
	GlobalSection(ProjectConfigurationPlatforms) = postSolution
		{B94A9A9D-C2E2-48EA-B9BE-CCC00D3A6DC3}.Debug|Any CPU.ActiveCfg = Debug|Any CPU
		{B94A9A9D-C2E2-48EA-B9BE-CCC00D3A6DC3}.Debug|Any CPU.Build.0 = Debug|Any CPU
		{B94A9A9D-C2E2-48EA-B9BE-CCC00D3A6DC3}.Release|Any CPU.ActiveCfg = Release|Any CPU
		{B94A9A9D-C2E2-48EA-B9BE-CCC00D3A6DC3}.Release|Any CPU.Build.0 = Release|Any CPU
		{10AA2C73-5178-4646-BE59-210B90E0FA85}.Debug|Any CPU.ActiveCfg = Debug|Any CPU
		{10AA2C73-5178-4646-BE59-210B90E0FA85}.Debug|Any CPU.Build.0 = Debug|Any CPU
		{10AA2C73-5178-4646-BE59-210B90E0FA85}.Release|Any CPU.ActiveCfg = Release|Any CPU
		{10AA2C73-5178-4646-BE59-210B90E0FA85}.Release|Any CPU.Build.0 = Release|Any CPU
	EndGlobalSection
	GlobalSection(SolutionProperties) = preSolution
		HideSolutionNode = FALSE
	EndGlobalSection
EndGlobal
